
Microsoft Visual Studio Solution File, Format Version 12.00
# Visual Studio Version 17
VisualStudioVersion = 17.7.34018.315
MinimumVisualStudioVersion = 10.0.40219.1
Project("{9A19103F-16F7-4668-BE54-9A1E7A4F7556}") = "RecipeApi", "RecipeApi\RecipeApi.csproj", "{0F69904C-BAFC-44B1-B3E9-D831554B59F7}"
EndProject
Project("{9A19103F-16F7-4668-BE54-9A1E7A4F7556}") = "Domain", "Domain\Domain.csproj", "{3D229B37-F607-4A2E-9214-1952221C0110}"
EndProject
Project("{9A19103F-16F7-4668-BE54-9A1E7A4F7556}") = "Infrastructure", "Infrastructure\Infrastructure.csproj", "{564FE4A0-EC48-45B3-91F3-5F9CF3F6C407}"
EndProject
Project("{9A19103F-16F7-4668-BE54-9A1E7A4F7556}") = "Application", "Application\Application.csproj", "{71DAE737-648D-4D6C-9CB1-BC4C62936A4F}"
EndProject
Project("{9A19103F-16F7-4668-BE54-9A1E7A4F7556}") = "SharedKernel", "SharedKernel\SharedKernel.csproj", "{FF7BC30C-F072-49A4-A1C2-FDF420F6FB33}"
EndProject
Project("{9A19103F-16F7-4668-BE54-9A1E7A4F7556}") = "UnitTests", "UnitTests\UnitTests.csproj", "{BC2852BE-8799-4151-BC2A-CC4BFEBE3090}"
EndProject
Project("{2150E333-8FDC-42A3-9474-1A3956D46DE8}") = "tests", "tests", "{B3E822F1-BD3B-4109-A07E-79B4A8352459}"
EndProject
Project("{FAE04EC0-301F-11D3-BF4B-00C04F79EFBC}") = "ArchitectureTests", "ArchitectureTests\ArchitectureTests.csproj", "{18EFBD02-8254-47C9-B68C-C12E9DD7CBC5}"
EndProject
Project("{FAE04EC0-301F-11D3-BF4B-00C04F79EFBC}") = "IntegrationTests", "IntegrationTests\IntegrationTests.csproj", "{52696CF4-C13A-4D23-BA6D-2B3B01F07237}"
EndProject
Project("{2150E333-8FDC-42A3-9474-1A3956D46DE8}") = "Solution Items", "Solution Items", "{B482DFFF-6AE7-4C73-82C3-F20E271925B0}"
	ProjectSection(SolutionItems) = preProject
		compose.yaml = compose.yaml
		Dockerfile = Dockerfile
		compose.override.yaml = compose.override.yaml
		..\.github\workflows\dotnet.yml = ..\.github\workflows\dotnet.yml
		..\.github\workflows\docker-build.yml = ..\.github\workflows\docker-build.yml
		.editorconfig = .editorconfig
		Directory.Build.props = Directory.Build.props
		Directory.Packages.props = Directory.Packages.props
	EndProjectSection
EndProject
Global
	GlobalSection(SolutionConfigurationPlatforms) = preSolution
		Debug|Any CPU = Debug|Any CPU
		Release|Any CPU = Release|Any CPU
	EndGlobalSection
	GlobalSection(ProjectConfigurationPlatforms) = postSolution
		{0F69904C-BAFC-44B1-B3E9-D831554B59F7}.Debug|Any CPU.ActiveCfg = Debug|Any CPU
		{0F69904C-BAFC-44B1-B3E9-D831554B59F7}.Debug|Any CPU.Build.0 = Debug|Any CPU
		{0F69904C-BAFC-44B1-B3E9-D831554B59F7}.Release|Any CPU.ActiveCfg = Release|Any CPU
		{0F69904C-BAFC-44B1-B3E9-D831554B59F7}.Release|Any CPU.Build.0 = Release|Any CPU
		{3D229B37-F607-4A2E-9214-1952221C0110}.Debug|Any CPU.ActiveCfg = Debug|Any CPU
		{3D229B37-F607-4A2E-9214-1952221C0110}.Debug|Any CPU.Build.0 = Debug|Any CPU
		{3D229B37-F607-4A2E-9214-1952221C0110}.Release|Any CPU.ActiveCfg = Release|Any CPU
		{3D229B37-F607-4A2E-9214-1952221C0110}.Release|Any CPU.Build.0 = Release|Any CPU
		{564FE4A0-EC48-45B3-91F3-5F9CF3F6C407}.Debug|Any CPU.ActiveCfg = Debug|Any CPU
		{564FE4A0-EC48-45B3-91F3-5F9CF3F6C407}.Debug|Any CPU.Build.0 = Debug|Any CPU
		{564FE4A0-EC48-45B3-91F3-5F9CF3F6C407}.Release|Any CPU.ActiveCfg = Release|Any CPU
		{564FE4A0-EC48-45B3-91F3-5F9CF3F6C407}.Release|Any CPU.Build.0 = Release|Any CPU
		{71DAE737-648D-4D6C-9CB1-BC4C62936A4F}.Debug|Any CPU.ActiveCfg = Debug|Any CPU
		{71DAE737-648D-4D6C-9CB1-BC4C62936A4F}.Debug|Any CPU.Build.0 = Debug|Any CPU
		{71DAE737-648D-4D6C-9CB1-BC4C62936A4F}.Release|Any CPU.ActiveCfg = Release|Any CPU
		{71DAE737-648D-4D6C-9CB1-BC4C62936A4F}.Release|Any CPU.Build.0 = Release|Any CPU
		{FF7BC30C-F072-49A4-A1C2-FDF420F6FB33}.Debug|Any CPU.ActiveCfg = Debug|Any CPU
		{FF7BC30C-F072-49A4-A1C2-FDF420F6FB33}.Debug|Any CPU.Build.0 = Debug|Any CPU
		{FF7BC30C-F072-49A4-A1C2-FDF420F6FB33}.Release|Any CPU.ActiveCfg = Release|Any CPU
		{FF7BC30C-F072-49A4-A1C2-FDF420F6FB33}.Release|Any CPU.Build.0 = Release|Any CPU
		{BC2852BE-8799-4151-BC2A-CC4BFEBE3090}.Debug|Any CPU.ActiveCfg = Debug|Any CPU
		{BC2852BE-8799-4151-BC2A-CC4BFEBE3090}.Debug|Any CPU.Build.0 = Debug|Any CPU
		{BC2852BE-8799-4151-BC2A-CC4BFEBE3090}.Release|Any CPU.ActiveCfg = Release|Any CPU
		{BC2852BE-8799-4151-BC2A-CC4BFEBE3090}.Release|Any CPU.Build.0 = Release|Any CPU
		{18EFBD02-8254-47C9-B68C-C12E9DD7CBC5}.Debug|Any CPU.ActiveCfg = Debug|Any CPU
		{18EFBD02-8254-47C9-B68C-C12E9DD7CBC5}.Debug|Any CPU.Build.0 = Debug|Any CPU
		{18EFBD02-8254-47C9-B68C-C12E9DD7CBC5}.Release|Any CPU.ActiveCfg = Release|Any CPU
		{18EFBD02-8254-47C9-B68C-C12E9DD7CBC5}.Release|Any CPU.Build.0 = Release|Any CPU
		{52696CF4-C13A-4D23-BA6D-2B3B01F07237}.Debug|Any CPU.ActiveCfg = Debug|Any CPU
		{52696CF4-C13A-4D23-BA6D-2B3B01F07237}.Debug|Any CPU.Build.0 = Debug|Any CPU
		{52696CF4-C13A-4D23-BA6D-2B3B01F07237}.Release|Any CPU.ActiveCfg = Release|Any CPU
		{52696CF4-C13A-4D23-BA6D-2B3B01F07237}.Release|Any CPU.Build.0 = Release|Any CPU
	EndGlobalSection
	GlobalSection(SolutionProperties) = preSolution
		HideSolutionNode = FALSE
	EndGlobalSection
	GlobalSection(NestedProjects) = preSolution
		{BC2852BE-8799-4151-BC2A-CC4BFEBE3090} = {B3E822F1-BD3B-4109-A07E-79B4A8352459}
		{18EFBD02-8254-47C9-B68C-C12E9DD7CBC5} = {B3E822F1-BD3B-4109-A07E-79B4A8352459}
		{52696CF4-C13A-4D23-BA6D-2B3B01F07237} = {B3E822F1-BD3B-4109-A07E-79B4A8352459}
	EndGlobalSection
	GlobalSection(ExtensibilityGlobals) = postSolution
		SolutionGuid = {68680EF1-0BDA-454F-B6DD-DE68D5B88754}
	EndGlobalSection
EndGlobal
